
Microsoft Visual Studio Solution File, Format Version 11.00
# Visual Studio 2010
Project("{FAE04EC0-301F-11D3-BF4B-00C04F79EFBC}") = "ReabilitarProjeto", "Assembly-CSharp.csproj", "{818B5859-9060-767B-80DA-4A9E91C1108C}"
EndProject
Project("{FAE04EC0-301F-11D3-BF4B-00C04F79EFBC}") = "ReabilitarProjeto", "Assembly-CSharp-Editor.csproj", "{71BC0005-62E3-02C1-96D7-840BC6B7F23F}"
EndProject
Global
	GlobalSection(SolutionConfigurationPlatforms) = preSolution
		Debug|Any CPU = Debug|Any CPU
		Release|Any CPU = Release|Any CPU
	EndGlobalSection
	GlobalSection(ProjectConfigurationPlatforms) = postSolution
		{818B5859-9060-767B-80DA-4A9E91C1108C}.Debug|Any CPU.ActiveCfg = Debug|Any CPU
		{818B5859-9060-767B-80DA-4A9E91C1108C}.Debug|Any CPU.Build.0 = Debug|Any CPU
		{818B5859-9060-767B-80DA-4A9E91C1108C}.Release|Any CPU.ActiveCfg = Release|Any CPU
		{818B5859-9060-767B-80DA-4A9E91C1108C}.Release|Any CPU.Build.0 = Release|Any CPU
		{71BC0005-62E3-02C1-96D7-840BC6B7F23F}.Debug|Any CPU.ActiveCfg = Debug|Any CPU
		{71BC0005-62E3-02C1-96D7-840BC6B7F23F}.Debug|Any CPU.Build.0 = Debug|Any CPU
		{71BC0005-62E3-02C1-96D7-840BC6B7F23F}.Release|Any CPU.ActiveCfg = Release|Any CPU
		{71BC0005-62E3-02C1-96D7-840BC6B7F23F}.Release|Any CPU.Build.0 = Release|Any CPU
	EndGlobalSection
	GlobalSection(SolutionProperties) = preSolution
		HideSolutionNode = FALSE
	EndGlobalSection
	GlobalSection(MonoDevelopProperties) = preSolution
		StartupItem = Assembly-CSharp.csproj
	EndGlobalSection
EndGlobal
